
Microsoft Visual Studio Solution File, Format Version 12.00
# Visual Studio Version 17
VisualStudioVersion = 17.3.32804.467
MinimumVisualStudioVersion = 10.0.40219.1
Project("{FAE04EC0-301F-11D3-BF4B-00C04F79EFBC}") = "WebSite", "WebSite\WebSite.csproj", "{44F3A670-ABB0-4628-80C8-AC1DE2B0538F}"
EndProject
Global
	GlobalSection(SolutionConfigurationPlatforms) = preSolution
		Debug|Any CPU = Debug|Any CPU
		Release|Any CPU = Release|Any CPU
	EndGlobalSection
	GlobalSection(ProjectConfigurationPlatforms) = postSolution
		{44F3A670-ABB0-4628-80C8-AC1DE2B0538F}.Debug|Any CPU.ActiveCfg = Debug|Any CPU
		{44F3A670-ABB0-4628-80C8-AC1DE2B0538F}.Debug|Any CPU.Build.0 = Debug|Any CPU
		{44F3A670-ABB0-4628-80C8-AC1DE2B0538F}.Release|Any CPU.ActiveCfg = Release|Any CPU
		{44F3A670-ABB0-4628-80C8-AC1DE2B0538F}.Release|Any CPU.Build.0 = Release|Any CPU
	EndGlobalSection
	GlobalSection(SolutionProperties) = preSolution
		HideSolutionNode = FALSE
	EndGlobalSection
	GlobalSection(ExtensibilityGlobals) = postSolution
		SolutionGuid = {91B407A4-FA26-47F9-AC1F-5F1E75A3542A}
	EndGlobalSection
EndGlobal
